
Microsoft Visual Studio Solution File, Format Version 12.00
# Visual Studio Version 16
VisualStudioVersion = 16.0.31112.23
MinimumVisualStudioVersion = 10.0.40219.1
Project("{9A19103F-16F7-4668-BE54-9A1E7A4F7556}") = "WebAPI", "WebAPI\WebAPI.csproj", "{0506A7A8-4EEB-453F-B01C-9B365C2FDF00}"
EndProject
Project("{9A19103F-16F7-4668-BE54-9A1E7A4F7556}") = "Application", "Application\Application.csproj", "{69DA06D0-07B3-4EDB-9A06-CEC721E7A986}"
EndProject
Project("{9A19103F-16F7-4668-BE54-9A1E7A4F7556}") = "Domain", "Domain\Domain.csproj", "{D13A220D-91C3-47AB-B119-CF44FB9E31AA}"
EndProject
Project("{9A19103F-16F7-4668-BE54-9A1E7A4F7556}") = "Infrastructure", "Infrastructure\Infrastructure.csproj", "{758FBD1B-E17F-49FD-989C-FCDF21BDA671}"
EndProject
Project("{2150E333-8FDC-42A3-9474-1A3956D46DE8}") = "src", "src", "{753558AA-0BD9-4402-BADC-61F4D5EE7DF5}"
EndProject
Project("{2150E333-8FDC-42A3-9474-1A3956D46DE8}") = "tests", "tests", "{ABD51FAB-07C7-48C9-831A-5159A05B9443}"
EndProject
Project("{9A19103F-16F7-4668-BE54-9A1E7A4F7556}") = "Infrastructure.UnitTests", "Infrastructure.Tests\Infrastructure.UnitTests.csproj", "{833C9725-D6DD-4AB6-92E9-D14C698BFF39}"
EndProject
Project("{FAE04EC0-301F-11D3-BF4B-00C04F79EFBC}") = "Application.UnitTests", "Application.UnitTests\Application.UnitTests.csproj", "{470E8783-1652-498A-8A5A-48093238E791}"
EndProject
Global
	GlobalSection(SolutionConfigurationPlatforms) = preSolution
		Debug|Any CPU = Debug|Any CPU
		Release|Any CPU = Release|Any CPU
	EndGlobalSection
	GlobalSection(ProjectConfigurationPlatforms) = postSolution
		{0506A7A8-4EEB-453F-B01C-9B365C2FDF00}.Debug|Any CPU.ActiveCfg = Debug|Any CPU
		{0506A7A8-4EEB-453F-B01C-9B365C2FDF00}.Debug|Any CPU.Build.0 = Debug|Any CPU
		{0506A7A8-4EEB-453F-B01C-9B365C2FDF00}.Release|Any CPU.ActiveCfg = Release|Any CPU
		{0506A7A8-4EEB-453F-B01C-9B365C2FDF00}.Release|Any CPU.Build.0 = Release|Any CPU
		{69DA06D0-07B3-4EDB-9A06-CEC721E7A986}.Debug|Any CPU.ActiveCfg = Debug|Any CPU
		{69DA06D0-07B3-4EDB-9A06-CEC721E7A986}.Debug|Any CPU.Build.0 = Debug|Any CPU
		{69DA06D0-07B3-4EDB-9A06-CEC721E7A986}.Release|Any CPU.ActiveCfg = Release|Any CPU
		{69DA06D0-07B3-4EDB-9A06-CEC721E7A986}.Release|Any CPU.Build.0 = Release|Any CPU
		{D13A220D-91C3-47AB-B119-CF44FB9E31AA}.Debug|Any CPU.ActiveCfg = Debug|Any CPU
		{D13A220D-91C3-47AB-B119-CF44FB9E31AA}.Debug|Any CPU.Build.0 = Debug|Any CPU
		{D13A220D-91C3-47AB-B119-CF44FB9E31AA}.Release|Any CPU.ActiveCfg = Release|Any CPU
		{D13A220D-91C3-47AB-B119-CF44FB9E31AA}.Release|Any CPU.Build.0 = Release|Any CPU
		{758FBD1B-E17F-49FD-989C-FCDF21BDA671}.Debug|Any CPU.ActiveCfg = Debug|Any CPU
		{758FBD1B-E17F-49FD-989C-FCDF21BDA671}.Debug|Any CPU.Build.0 = Debug|Any CPU
		{758FBD1B-E17F-49FD-989C-FCDF21BDA671}.Release|Any CPU.ActiveCfg = Release|Any CPU
		{758FBD1B-E17F-49FD-989C-FCDF21BDA671}.Release|Any CPU.Build.0 = Release|Any CPU
		{833C9725-D6DD-4AB6-92E9-D14C698BFF39}.Debug|Any CPU.ActiveCfg = Debug|Any CPU
		{833C9725-D6DD-4AB6-92E9-D14C698BFF39}.Debug|Any CPU.Build.0 = Debug|Any CPU
		{833C9725-D6DD-4AB6-92E9-D14C698BFF39}.Release|Any CPU.ActiveCfg = Release|Any CPU
		{833C9725-D6DD-4AB6-92E9-D14C698BFF39}.Release|Any CPU.Build.0 = Release|Any CPU
		{470E8783-1652-498A-8A5A-48093238E791}.Debug|Any CPU.ActiveCfg = Debug|Any CPU
		{470E8783-1652-498A-8A5A-48093238E791}.Debug|Any CPU.Build.0 = Debug|Any CPU
		{470E8783-1652-498A-8A5A-48093238E791}.Release|Any CPU.ActiveCfg = Release|Any CPU
		{470E8783-1652-498A-8A5A-48093238E791}.Release|Any CPU.Build.0 = Release|Any CPU
	EndGlobalSection
	GlobalSection(SolutionProperties) = preSolution
		HideSolutionNode = FALSE
	EndGlobalSection
	GlobalSection(NestedProjects) = preSolution
		{0506A7A8-4EEB-453F-B01C-9B365C2FDF00} = {753558AA-0BD9-4402-BADC-61F4D5EE7DF5}
		{69DA06D0-07B3-4EDB-9A06-CEC721E7A986} = {753558AA-0BD9-4402-BADC-61F4D5EE7DF5}
		{D13A220D-91C3-47AB-B119-CF44FB9E31AA} = {753558AA-0BD9-4402-BADC-61F4D5EE7DF5}
		{758FBD1B-E17F-49FD-989C-FCDF21BDA671} = {753558AA-0BD9-4402-BADC-61F4D5EE7DF5}
		{833C9725-D6DD-4AB6-92E9-D14C698BFF39} = {ABD51FAB-07C7-48C9-831A-5159A05B9443}
		{470E8783-1652-498A-8A5A-48093238E791} = {ABD51FAB-07C7-48C9-831A-5159A05B9443}
	EndGlobalSection
	GlobalSection(ExtensibilityGlobals) = postSolution
		SolutionGuid = {7EEC277C-CCB2-43BF-9699-65AC853263D6}
	EndGlobalSection
EndGlobal
